
Microsoft Visual Studio Solution File, Format Version 12.00
# Visual Studio Version 17
VisualStudioVersion = 17.0.31808.319
MinimumVisualStudioVersion = 10.0.40219.1
Project("{2150E333-8FDC-42A3-9474-1A3956D46DE8}") = "1.Utilities", "1.Utilities", "{04ECB473-0F4D-45E6-9BA7-063291BA7CD1}"
EndProject
Project("{2150E333-8FDC-42A3-9474-1A3956D46DE8}") = "2.Core", "2.Core", "{B94044C5-9885-4847-872D-15E3C6ACD88D}"
EndProject
Project("{2150E333-8FDC-42A3-9474-1A3956D46DE8}") = "3.Infra", "3.Infra", "{DC544674-9E95-4F6E-94C8-545A77391E66}"
EndProject
Project("{2150E333-8FDC-42A3-9474-1A3956D46DE8}") = "4.EndPoints", "4.EndPoints", "{9F3D8639-2A2B-4B1C-88F0-56EB14C12E09}"
EndProject
Project("{9A19103F-16F7-4668-BE54-9A1E7A4F7556}") = "Zamin.Utilities", "src\1.Utilities\Zamin.Utilities\Zamin.Utilities.csproj", "{F7A5D6C4-1DBA-45FB-A190-C627B54D3373}"
EndProject
Project("{9A19103F-16F7-4668-BE54-9A1E7A4F7556}") = "Zamin.Core.Domain", "src\2.Core\Zamin.Core.Domain\Zamin.Core.Domain.csproj", "{245116EB-D94C-4CC0-BEBF-D5DE9AD6936D}"
EndProject
Project("{2150E333-8FDC-42A3-9474-1A3956D46DE8}") = "src", "src", "{E7434B7F-E97D-47B7-B3CB-7E8A389AD36E}"
EndProject
Project("{2150E333-8FDC-42A3-9474-1A3956D46DE8}") = "tests", "tests", "{28A42D92-CE3E-4305-8623-FF41657A0314}"
EndProject
Project("{9A19103F-16F7-4668-BE54-9A1E7A4F7556}") = "Zamin.Core.Domain.Toolkits", "src\2.Core\Zamin.Core.Domain.Toolkits\Zamin.Core.Domain.Toolkits.csproj", "{C74D8CC8-D248-4F0C-8420-122EE4AEA59A}"
EndProject
Project("{9A19103F-16F7-4668-BE54-9A1E7A4F7556}") = "Zamin.Core.Contracts", "src\2.Core\Zamin.Core.Contracts\Zamin.Core.Contracts.csproj", "{DF055AE3-1CB1-4427-9FEB-348CE9D8C055}"
EndProject
Project("{9A19103F-16F7-4668-BE54-9A1E7A4F7556}") = "Zamin.Core.ApplicationServices", "src\2.Core\Zamin.Core.ApplicationServices\Zamin.Core.ApplicationServices.csproj", "{B23A5040-FCB7-4695-9316-E97E549E3298}"
EndProject
Project("{9A19103F-16F7-4668-BE54-9A1E7A4F7556}") = "Zamin.EndPoints.Web", "src\4.EndPoints\Zamin.EndPoints.Web\Zamin.EndPoints.Web.csproj", "{A49FCF35-DE32-40D4-BF33-5FD670766E6A}"
EndProject
Project("{2150E333-8FDC-42A3-9474-1A3956D46DE8}") = "Data", "Data", "{B35874B0-A03B-4777-AA66-5F007DE36653}"
EndProject
Project("{9A19103F-16F7-4668-BE54-9A1E7A4F7556}") = "Zamin.Infra.Data.Sql", "src\3.Infra\Data\Zamin.Infra.Data.Sql\Zamin.Infra.Data.Sql.csproj", "{85CEAA16-2C08-4BE1-9FB3-2256238DD4CC}"
EndProject
Project("{9A19103F-16F7-4668-BE54-9A1E7A4F7556}") = "Zamin.Infra.Data.Sql.Commands", "src\3.Infra\Data\Zamin.Infra.Data.Sql.Commands\Zamin.Infra.Data.Sql.Commands.csproj", "{61B0E216-383A-4757-A375-D7FA5629AA92}"
EndProject
Project("{9A19103F-16F7-4668-BE54-9A1E7A4F7556}") = "Zamin.Infra.Data.Sql.Queries", "src\3.Infra\Data\Zamin.Infra.Data.Sql.Queries\Zamin.Infra.Data.Sql.Queries.csproj", "{EC817C63-8B74-4518-9051-97B261D9FD28}"
EndProject
Project("{9A19103F-16F7-4668-BE54-9A1E7A4F7556}") = "Zamin.Core.RequestResponse", "src\2.Core\Zamin.Core.RequestResponse\Zamin.Core.RequestResponse.csproj", "{1DB0D0EE-6F37-4CDD-A544-6E0D27E600C8}"
EndProject
Project("{2150E333-8FDC-42A3-9474-1A3956D46DE8}") = "SchoolManagementSystem", "SchoolManagementSystem", "{980761DC-46E9-4DAB-AAFE-616426037EFE}"
EndProject
Project("{2150E333-8FDC-42A3-9474-1A3956D46DE8}") = "1.Core", "1.Core", "{33F8C7A4-700E-434F-82D4-DCE9927B33A7}"
EndProject
Project("{2150E333-8FDC-42A3-9474-1A3956D46DE8}") = "2.Infra", "2.Infra", "{CF32B074-25B7-490B-AA9F-092D682E65F0}"
EndProject
Project("{2150E333-8FDC-42A3-9474-1A3956D46DE8}") = "3.EndPoints", "3.EndPoints", "{15E6410E-57C5-4945-AEF6-1CFACC8D8B93}"
EndProject
Project("{FAE04EC0-301F-11D3-BF4B-00C04F79EFBC}") = "SMSystem.Core.Domain", "SchoolManagementSystem\1.Core\SMSystem.Core.Domain\SMSystem.Core.Domain.csproj", "{8D819087-A301-42AB-8F97-BB6C2B37516F}"
EndProject
Project("{54A90642-561A-4BB1-A94E-469ADEE60C69}") = "smsystem.app.client", "SchoolManagementSystem\3.EndPoints\SMSystem.APP\smsystem.app.client\smsystem.app.client.esproj", "{5FA1E98E-EC4B-68DB-11A4-A92997412CED}"
EndProject
Project("{FAE04EC0-301F-11D3-BF4B-00C04F79EFBC}") = "SMSystem.APP.Server", "SchoolManagementSystem\3.EndPoints\SMSystem.APP\SMSystem.APP.Server\SMSystem.APP.Server.csproj", "{41B5ECAE-66B0-4EA8-9714-8A13605C221D}"
EndProject
Project("{FAE04EC0-301F-11D3-BF4B-00C04F79EFBC}") = "SMSystem.Core.ApplicationService", "SchoolManagementSystem\1.Core\SMSystem.Core.ApplicationService\SMSystem.Core.ApplicationService.csproj", "{0B40B709-30FF-44BA-8584-3D52832AC992}"
EndProject
Project("{2150E333-8FDC-42A3-9474-1A3956D46DE8}") = "Data", "Data", "{02EA681E-C7D8-13C7-8484-4AC65E1B71E8}"
EndProject
Project("{FAE04EC0-301F-11D3-BF4B-00C04F79EFBC}") = "SMSystem.Infra.Data.Sql.Commands", "SchoolManagementSystem\2.Infra\SMSystem.Infra.Data.Sql.Commands\SMSystem.Infra.Data.Sql.Commands.csproj", "{0981D0C2-9067-4E15-BB6F-7A4DDD4AAF15}"
EndProject
Project("{FAE04EC0-301F-11D3-BF4B-00C04F79EFBC}") = "SMSystem.Core.Contracts", "SchoolManagementSystem\1.Core\SMSystem.Core.Contracts\SMSystem.Core.Contracts.csproj", "{D30E53F3-363C-4036-B4F0-FC93223E390F}"
EndProject
Project("{FAE04EC0-301F-11D3-BF4B-00C04F79EFBC}") = "SMSystem.Core.RequestResponse", "SchoolManagementSystem\1.Core\SMSystem.Core.RequestResponse\SMSystem.Core.RequestResponse.csproj", "{E03BA4E6-E07B-4C32-92EE-491D8154FFF2}"
EndProject
Project("{FAE04EC0-301F-11D3-BF4B-00C04F79EFBC}") = "SMSystem.Infra.Data.Sql.Queries", "SchoolManagementSystem\2.Infra\SMSystem.Infra.Data.Sql.Queries\SMSystem.Infra.Data.Sql.Queries.csproj", "{CBDAE0C0-D485-48BB-A52F-538199A76D38}"
EndProject
Global
	GlobalSection(SolutionConfigurationPlatforms) = preSolution
		Debug|Any CPU = Debug|Any CPU
		Release|Any CPU = Release|Any CPU
	EndGlobalSection
	GlobalSection(ProjectConfigurationPlatforms) = postSolution
		{F7A5D6C4-1DBA-45FB-A190-C627B54D3373}.Debug|Any CPU.ActiveCfg = Debug|Any CPU
		{F7A5D6C4-1DBA-45FB-A190-C627B54D3373}.Debug|Any CPU.Build.0 = Debug|Any CPU
		{F7A5D6C4-1DBA-45FB-A190-C627B54D3373}.Release|Any CPU.ActiveCfg = Release|Any CPU
		{F7A5D6C4-1DBA-45FB-A190-C627B54D3373}.Release|Any CPU.Build.0 = Release|Any CPU
		{245116EB-D94C-4CC0-BEBF-D5DE9AD6936D}.Debug|Any CPU.ActiveCfg = Debug|Any CPU
		{245116EB-D94C-4CC0-BEBF-D5DE9AD6936D}.Debug|Any CPU.Build.0 = Debug|Any CPU
		{245116EB-D94C-4CC0-BEBF-D5DE9AD6936D}.Release|Any CPU.ActiveCfg = Release|Any CPU
		{245116EB-D94C-4CC0-BEBF-D5DE9AD6936D}.Release|Any CPU.Build.0 = Release|Any CPU
		{C74D8CC8-D248-4F0C-8420-122EE4AEA59A}.Debug|Any CPU.ActiveCfg = Debug|Any CPU
		{C74D8CC8-D248-4F0C-8420-122EE4AEA59A}.Debug|Any CPU.Build.0 = Debug|Any CPU
		{C74D8CC8-D248-4F0C-8420-122EE4AEA59A}.Release|Any CPU.ActiveCfg = Release|Any CPU
		{C74D8CC8-D248-4F0C-8420-122EE4AEA59A}.Release|Any CPU.Build.0 = Release|Any CPU
		{DF055AE3-1CB1-4427-9FEB-348CE9D8C055}.Debug|Any CPU.ActiveCfg = Debug|Any CPU
		{DF055AE3-1CB1-4427-9FEB-348CE9D8C055}.Debug|Any CPU.Build.0 = Debug|Any CPU
		{DF055AE3-1CB1-4427-9FEB-348CE9D8C055}.Release|Any CPU.ActiveCfg = Release|Any CPU
		{DF055AE3-1CB1-4427-9FEB-348CE9D8C055}.Release|Any CPU.Build.0 = Release|Any CPU
		{B23A5040-FCB7-4695-9316-E97E549E3298}.Debug|Any CPU.ActiveCfg = Debug|Any CPU
		{B23A5040-FCB7-4695-9316-E97E549E3298}.Debug|Any CPU.Build.0 = Debug|Any CPU
		{B23A5040-FCB7-4695-9316-E97E549E3298}.Release|Any CPU.ActiveCfg = Release|Any CPU
		{B23A5040-FCB7-4695-9316-E97E549E3298}.Release|Any CPU.Build.0 = Release|Any CPU
		{A49FCF35-DE32-40D4-BF33-5FD670766E6A}.Debug|Any CPU.ActiveCfg = Debug|Any CPU
		{A49FCF35-DE32-40D4-BF33-5FD670766E6A}.Debug|Any CPU.Build.0 = Debug|Any CPU
		{A49FCF35-DE32-40D4-BF33-5FD670766E6A}.Release|Any CPU.ActiveCfg = Release|Any CPU
		{A49FCF35-DE32-40D4-BF33-5FD670766E6A}.Release|Any CPU.Build.0 = Release|Any CPU
		{85CEAA16-2C08-4BE1-9FB3-2256238DD4CC}.Debug|Any CPU.ActiveCfg = Debug|Any CPU
		{85CEAA16-2C08-4BE1-9FB3-2256238DD4CC}.Debug|Any CPU.Build.0 = Debug|Any CPU
		{85CEAA16-2C08-4BE1-9FB3-2256238DD4CC}.Release|Any CPU.ActiveCfg = Release|Any CPU
		{85CEAA16-2C08-4BE1-9FB3-2256238DD4CC}.Release|Any CPU.Build.0 = Release|Any CPU
		{61B0E216-383A-4757-A375-D7FA5629AA92}.Debug|Any CPU.ActiveCfg = Debug|Any CPU
		{61B0E216-383A-4757-A375-D7FA5629AA92}.Debug|Any CPU.Build.0 = Debug|Any CPU
		{61B0E216-383A-4757-A375-D7FA5629AA92}.Release|Any CPU.ActiveCfg = Release|Any CPU
		{61B0E216-383A-4757-A375-D7FA5629AA92}.Release|Any CPU.Build.0 = Release|Any CPU
		{EC817C63-8B74-4518-9051-97B261D9FD28}.Debug|Any CPU.ActiveCfg = Debug|Any CPU
		{EC817C63-8B74-4518-9051-97B261D9FD28}.Debug|Any CPU.Build.0 = Debug|Any CPU
		{EC817C63-8B74-4518-9051-97B261D9FD28}.Release|Any CPU.ActiveCfg = Release|Any CPU
		{EC817C63-8B74-4518-9051-97B261D9FD28}.Release|Any CPU.Build.0 = Release|Any CPU
		{1DB0D0EE-6F37-4CDD-A544-6E0D27E600C8}.Debug|Any CPU.ActiveCfg = Debug|Any CPU
		{1DB0D0EE-6F37-4CDD-A544-6E0D27E600C8}.Debug|Any CPU.Build.0 = Debug|Any CPU
		{1DB0D0EE-6F37-4CDD-A544-6E0D27E600C8}.Release|Any CPU.ActiveCfg = Release|Any CPU
		{1DB0D0EE-6F37-4CDD-A544-6E0D27E600C8}.Release|Any CPU.Build.0 = Release|Any CPU
		{8D819087-A301-42AB-8F97-BB6C2B37516F}.Debug|Any CPU.ActiveCfg = Debug|Any CPU
		{8D819087-A301-42AB-8F97-BB6C2B37516F}.Debug|Any CPU.Build.0 = Debug|Any CPU
		{8D819087-A301-42AB-8F97-BB6C2B37516F}.Release|Any CPU.ActiveCfg = Release|Any CPU
		{8D819087-A301-42AB-8F97-BB6C2B37516F}.Release|Any CPU.Build.0 = Release|Any CPU
		{5FA1E98E-EC4B-68DB-11A4-A92997412CED}.Debug|Any CPU.ActiveCfg = Debug|Any CPU
		{5FA1E98E-EC4B-68DB-11A4-A92997412CED}.Debug|Any CPU.Build.0 = Debug|Any CPU
		{5FA1E98E-EC4B-68DB-11A4-A92997412CED}.Debug|Any CPU.Deploy.0 = Debug|Any CPU
		{5FA1E98E-EC4B-68DB-11A4-A92997412CED}.Release|Any CPU.ActiveCfg = Release|Any CPU
		{5FA1E98E-EC4B-68DB-11A4-A92997412CED}.Release|Any CPU.Build.0 = Release|Any CPU
		{5FA1E98E-EC4B-68DB-11A4-A92997412CED}.Release|Any CPU.Deploy.0 = Release|Any CPU
		{41B5ECAE-66B0-4EA8-9714-8A13605C221D}.Debug|Any CPU.ActiveCfg = Debug|Any CPU
		{41B5ECAE-66B0-4EA8-9714-8A13605C221D}.Debug|Any CPU.Build.0 = Debug|Any CPU
		{41B5ECAE-66B0-4EA8-9714-8A13605C221D}.Release|Any CPU.ActiveCfg = Release|Any CPU
		{41B5ECAE-66B0-4EA8-9714-8A13605C221D}.Release|Any CPU.Build.0 = Release|Any CPU
		{0B40B709-30FF-44BA-8584-3D52832AC992}.Debug|Any CPU.ActiveCfg = Debug|Any CPU
		{0B40B709-30FF-44BA-8584-3D52832AC992}.Debug|Any CPU.Build.0 = Debug|Any CPU
		{0B40B709-30FF-44BA-8584-3D52832AC992}.Release|Any CPU.ActiveCfg = Release|Any CPU
		{0B40B709-30FF-44BA-8584-3D52832AC992}.Release|Any CPU.Build.0 = Release|Any CPU
		{0981D0C2-9067-4E15-BB6F-7A4DDD4AAF15}.Debug|Any CPU.ActiveCfg = Debug|Any CPU
		{0981D0C2-9067-4E15-BB6F-7A4DDD4AAF15}.Debug|Any CPU.Build.0 = Debug|Any CPU
		{0981D0C2-9067-4E15-BB6F-7A4DDD4AAF15}.Release|Any CPU.ActiveCfg = Release|Any CPU
		{0981D0C2-9067-4E15-BB6F-7A4DDD4AAF15}.Release|Any CPU.Build.0 = Release|Any CPU
		{D30E53F3-363C-4036-B4F0-FC93223E390F}.Debug|Any CPU.ActiveCfg = Debug|Any CPU
		{D30E53F3-363C-4036-B4F0-FC93223E390F}.Debug|Any CPU.Build.0 = Debug|Any CPU
		{D30E53F3-363C-4036-B4F0-FC93223E390F}.Release|Any CPU.ActiveCfg = Release|Any CPU
		{D30E53F3-363C-4036-B4F0-FC93223E390F}.Release|Any CPU.Build.0 = Release|Any CPU
		{E03BA4E6-E07B-4C32-92EE-491D8154FFF2}.Debug|Any CPU.ActiveCfg = Debug|Any CPU
		{E03BA4E6-E07B-4C32-92EE-491D8154FFF2}.Debug|Any CPU.Build.0 = Debug|Any CPU
		{E03BA4E6-E07B-4C32-92EE-491D8154FFF2}.Release|Any CPU.ActiveCfg = Release|Any CPU
		{E03BA4E6-E07B-4C32-92EE-491D8154FFF2}.Release|Any CPU.Build.0 = Release|Any CPU
		{CBDAE0C0-D485-48BB-A52F-538199A76D38}.Debug|Any CPU.ActiveCfg = Debug|Any CPU
		{CBDAE0C0-D485-48BB-A52F-538199A76D38}.Debug|Any CPU.Build.0 = Debug|Any CPU
		{CBDAE0C0-D485-48BB-A52F-538199A76D38}.Release|Any CPU.ActiveCfg = Release|Any CPU
		{CBDAE0C0-D485-48BB-A52F-538199A76D38}.Release|Any CPU.Build.0 = Release|Any CPU
	EndGlobalSection
	GlobalSection(SolutionProperties) = preSolution
		HideSolutionNode = FALSE
	EndGlobalSection
	GlobalSection(NestedProjects) = preSolution
		{04ECB473-0F4D-45E6-9BA7-063291BA7CD1} = {E7434B7F-E97D-47B7-B3CB-7E8A389AD36E}
		{B94044C5-9885-4847-872D-15E3C6ACD88D} = {E7434B7F-E97D-47B7-B3CB-7E8A389AD36E}
		{DC544674-9E95-4F6E-94C8-545A77391E66} = {E7434B7F-E97D-47B7-B3CB-7E8A389AD36E}
		{9F3D8639-2A2B-4B1C-88F0-56EB14C12E09} = {E7434B7F-E97D-47B7-B3CB-7E8A389AD36E}
		{F7A5D6C4-1DBA-45FB-A190-C627B54D3373} = {04ECB473-0F4D-45E6-9BA7-063291BA7CD1}
		{245116EB-D94C-4CC0-BEBF-D5DE9AD6936D} = {B94044C5-9885-4847-872D-15E3C6ACD88D}
		{C74D8CC8-D248-4F0C-8420-122EE4AEA59A} = {B94044C5-9885-4847-872D-15E3C6ACD88D}
		{DF055AE3-1CB1-4427-9FEB-348CE9D8C055} = {B94044C5-9885-4847-872D-15E3C6ACD88D}
		{B23A5040-FCB7-4695-9316-E97E549E3298} = {B94044C5-9885-4847-872D-15E3C6ACD88D}
		{A49FCF35-DE32-40D4-BF33-5FD670766E6A} = {9F3D8639-2A2B-4B1C-88F0-56EB14C12E09}
		{B35874B0-A03B-4777-AA66-5F007DE36653} = {DC544674-9E95-4F6E-94C8-545A77391E66}
		{85CEAA16-2C08-4BE1-9FB3-2256238DD4CC} = {B35874B0-A03B-4777-AA66-5F007DE36653}
		{61B0E216-383A-4757-A375-D7FA5629AA92} = {B35874B0-A03B-4777-AA66-5F007DE36653}
		{EC817C63-8B74-4518-9051-97B261D9FD28} = {B35874B0-A03B-4777-AA66-5F007DE36653}
		{1DB0D0EE-6F37-4CDD-A544-6E0D27E600C8} = {B94044C5-9885-4847-872D-15E3C6ACD88D}
		{33F8C7A4-700E-434F-82D4-DCE9927B33A7} = {980761DC-46E9-4DAB-AAFE-616426037EFE}
		{CF32B074-25B7-490B-AA9F-092D682E65F0} = {980761DC-46E9-4DAB-AAFE-616426037EFE}
		{15E6410E-57C5-4945-AEF6-1CFACC8D8B93} = {980761DC-46E9-4DAB-AAFE-616426037EFE}
		{8D819087-A301-42AB-8F97-BB6C2B37516F} = {33F8C7A4-700E-434F-82D4-DCE9927B33A7}
		{5FA1E98E-EC4B-68DB-11A4-A92997412CED} = {15E6410E-57C5-4945-AEF6-1CFACC8D8B93}
		{41B5ECAE-66B0-4EA8-9714-8A13605C221D} = {15E6410E-57C5-4945-AEF6-1CFACC8D8B93}
		{0B40B709-30FF-44BA-8584-3D52832AC992} = {33F8C7A4-700E-434F-82D4-DCE9927B33A7}
		{02EA681E-C7D8-13C7-8484-4AC65E1B71E8} = {CF32B074-25B7-490B-AA9F-092D682E65F0}
		{0981D0C2-9067-4E15-BB6F-7A4DDD4AAF15} = {02EA681E-C7D8-13C7-8484-4AC65E1B71E8}
		{D30E53F3-363C-4036-B4F0-FC93223E390F} = {33F8C7A4-700E-434F-82D4-DCE9927B33A7}
		{E03BA4E6-E07B-4C32-92EE-491D8154FFF2} = {33F8C7A4-700E-434F-82D4-DCE9927B33A7}
		{CBDAE0C0-D485-48BB-A52F-538199A76D38} = {02EA681E-C7D8-13C7-8484-4AC65E1B71E8}
	EndGlobalSection
	GlobalSection(ExtensibilityGlobals) = postSolution
		SolutionGuid = {D5D1ECA0-C4FC-4886-ABDA-F867CC0914D9}
	EndGlobalSection
EndGlobal
